
Microsoft Visual Studio Solution File, Format Version 12.00
# Visual Studio Version 16
VisualStudioVersion = 16.0.29613.14
MinimumVisualStudioVersion = 10.0.40219.1
Project("{FAE04EC0-301F-11D3-BF4B-00C04F79EFBC}") = "SpicyInvader_V_01", "SpicyInvader_V_01\SpicyInvader_V_01.csproj", "{DB41B91F-BAF9-4498-AA4B-9BD1F20A2DA2}"
EndProject
Global
	GlobalSection(SolutionConfigurationPlatforms) = preSolution
		Debug|Any CPU = Debug|Any CPU
		Release|Any CPU = Release|Any CPU
	EndGlobalSection
	GlobalSection(ProjectConfigurationPlatforms) = postSolution
		{DB41B91F-BAF9-4498-AA4B-9BD1F20A2DA2}.Debug|Any CPU.ActiveCfg = Debug|Any CPU
		{DB41B91F-BAF9-4498-AA4B-9BD1F20A2DA2}.Debug|Any CPU.Build.0 = Debug|Any CPU
		{DB41B91F-BAF9-4498-AA4B-9BD1F20A2DA2}.Release|Any CPU.ActiveCfg = Release|Any CPU
		{DB41B91F-BAF9-4498-AA4B-9BD1F20A2DA2}.Release|Any CPU.Build.0 = Release|Any CPU
	EndGlobalSection
	GlobalSection(SolutionProperties) = preSolution
		HideSolutionNode = FALSE
	EndGlobalSection
	GlobalSection(ExtensibilityGlobals) = postSolution
		SolutionGuid = {F7182AD5-B9D8-4763-829C-053D0BB46EEF}
	EndGlobalSection
EndGlobal
